// !$*UTF8*$!
{
	archiveVersion = 1;
	classes = {
	};
	objectVersion = 48;
	objects = {

/* Begin PBXBuildFile section */
		131ACDF71FE375BA002052B9 /* AppDelegate.swift in Sources */ = {isa = PBXBuildFile; fileRef = 131ACDF61FE375BA002052B9 /* AppDelegate.swift */; };
		131ACDF91FE375BA002052B9 /* ViewController.swift in Sources */ = {isa = PBXBuildFile; fileRef = 131ACDF81FE375BA002052B9 /* ViewController.swift */; };
		131ACDFC1FE375BA002052B9 /* Main.storyboard in Resources */ = {isa = PBXBuildFile; fileRef = 131ACDFA1FE375BA002052B9 /* Main.storyboard */; };
		131ACDFE1FE375BA002052B9 /* Assets.xcassets in Resources */ = {isa = PBXBuildFile; fileRef = 131ACDFD1FE375BA002052B9 /* Assets.xcassets */; };
		131ACE011FE375BA002052B9 /* LaunchScreen.storyboard in Resources */ = {isa = PBXBuildFile; fileRef = 131ACDFF1FE375BA002052B9 /* LaunchScreen.storyboard */; };
		131ACE091FE37821002052B9 /* My Soul, your Beats! [full ver.] - Angel Beats! OP [Piano].mp3 in Resources */ = {isa = PBXBuildFile; fileRef = 131ACE081FE37821002052B9 /* My Soul, your Beats! [full ver.] - Angel Beats! OP [Piano].mp3 */; };
/* End PBXBuildFile section */

/* Begin PBXFileReference section */
		131ACDF31FE375BA002052B9 /* 8. Gradient_Music.app */ = {isa = PBXFileReference; explicitFileType = wrapper.application; includeInIndex = 0; path = "8. Gradient_Music.app"; sourceTree = BUILT_PRODUCTS_DIR; };
		131ACDF61FE375BA002052B9 /* AppDelegate.swift */ = {isa = PBXFileReference; lastKnownFileType = sourcecode.swift; path = AppDelegate.swift; sourceTree = "<group>"; };
		131ACDF81FE375BA002052B9 /* ViewController.swift */ = {isa = PBXFileReference; lastKnownFileType = sourcecode.swift; path = ViewController.swift; sourceTree = "<group>"; };
		131ACDFB1FE375BA002052B9 /* Base */ = {isa = PBXFileReference; lastKnownFileType = file.storyboard; name = Base; path = Base.lproj/Main.storyboard; sourceTree = "<group>"; };
		131ACDFD1FE375BA002052B9 /* Assets.xcassets */ = {isa = PBXFileReference; lastKnownFileType = folder.assetcatalog; path = Assets.xcassets; sourceTree = "<group>"; };
		131ACE001FE375BA002052B9 /* Base */ = {isa = PBXFileReference; lastKnownFileType = file.storyboard; name = Base; path = Base.lproj/LaunchScreen.storyboard; sourceTree = "<group>"; };
		131ACE021FE375BA002052B9 /* Info.plist */ = {isa = PBXFileReference; lastKnownFileType = text.plist.xml; path = Info.plist; sourceTree = "<group>"; };
		131ACE081FE37821002052B9 /* My Soul, your Beats! [full ver.] - Angel Beats! OP [Piano].mp3 */ = {isa = PBXFileReference; lastKnownFileType = audio.mp3; path = "My Soul, your Beats! [full ver.] - Angel Beats! OP [Piano].mp3"; sourceTree = "<group>"; };
/* End PBXFileReference section */

/* Begin PBXFrameworksBuildPhase section */
		131ACDF01FE375BA002052B9 /* Frameworks */ = {
			isa = PBXFrameworksBuildPhase;
			buildActionMask = 2147483647;
			files = (
			);
			runOnlyForDeploymentPostprocessing = 0;
		};
/* End PBXFrameworksBuildPhase section */

/* Begin PBXGroup section */
		131ACDEA1FE375B9002052B9 = {
			isa = PBXGroup;
			children = (
				131ACDF51FE375BA002052B9 /* 8. Gradient_Music */,
				131ACDF41FE375BA002052B9 /* Products */,
			);
			sourceTree = "<group>";
		};
		131ACDF41FE375BA002052B9 /* Products */ = {
			isa = PBXGroup;
			children = (
				131ACDF31FE375BA002052B9 /* 8. Gradient_Music.app */,
			);
			name = Products;
			sourceTree = "<group>";
		};
		131ACDF51FE375BA002052B9 /* 8. Gradient_Music */ = {
			isa = PBXGroup;
			children = (
				131ACDF61FE375BA002052B9 /* AppDelegate.swift */,
				131ACDF81FE375BA002052B9 /* ViewController.swift */,
				131ACDFA1FE375BA002052B9 /* Main.storyboard */,
				131ACE081FE37821002052B9 /* My Soul, your Beats! [full ver.] - Angel Beats! OP [Piano].mp3 */,
				131ACDFD1FE375BA002052B9 /* Assets.xcassets */,
				131ACDFF1FE375BA002052B9 /* LaunchScreen.storyboard */,
				131ACE021FE375BA002052B9 /* Info.plist */,
			);
			path = "8. Gradient_Music";
			sourceTree = "<group>";
		};
/* End PBXGroup section */

/* Begin PBXNativeTarget section */
		131ACDF21FE375BA002052B9 /* 8. Gradient_Music */ = {
			isa = PBXNativeTarget;
			buildConfigurationList = 131ACE051FE375BA002052B9 /* Build configuration list for PBXNativeTarget "8. Gradient_Music" */;
			buildPhases = (
				131ACDEF1FE375BA002052B9 /* Sources */,
				131ACDF01FE375BA002052B9 /* Frameworks */,
				131ACDF11FE375BA002052B9 /* Resources */,
			);
			buildRules = (
			);
			dependencies = (
			);
			name = "8. Gradient_Music";
			productName = "8. Gradient_Music";
			productReference = 131ACDF31FE375BA002052B9 /* 8. Gradient_Music.app */;
			productType = "com.apple.product-type.application";
		};
/* End PBXNativeTarget section */

/* Begin PBXProject section */
		131ACDEB1FE375B9002052B9 /* Project object */ = {
			isa = PBXProject;
			attributes = {
				LastSwiftUpdateCheck = 0900;
				LastUpgradeCheck = 0900;
				ORGANIZATIONNAME = "Abhishek Dave";
				TargetAttributes = {
					131ACDF21FE375BA002052B9 = {
						CreatedOnToolsVersion = 9.0.1;
						ProvisioningStyle = Automatic;
					};
				};
			};
			buildConfigurationList = 131ACDEE1FE375B9002052B9 /* Build configuration list for PBXProject "8. Gradient_Music" */;
			compatibilityVersion = "Xcode 8.0";
			developmentRegion = en;
			hasScannedForEncodings = 0;
			knownRegions = (
				en,
				Base,
			);
			mainGroup = 131ACDEA1FE375B9002052B9;
			productRefGroup = 131ACDF41FE375BA002052B9 /* Products */;
			projectDirPath = "";
			projectRoot = "";
			targets = (
				131ACDF21FE375BA002052B9 /* 8. Gradient_Music */,
			);
		};
/* End PBXProject section */

/* Begin PBXResourcesBuildPhase section */
		131ACDF11FE375BA002052B9 /* Resources */ = {
			isa = PBXResourcesBuildPhase;
			buildActionMask = 2147483647;
			files = (
				131ACE091FE37821002052B9 /* My Soul, your Beats! [full ver.] - Angel Beats! OP [Piano].mp3 in Resources */,
				131ACE011FE375BA002052B9 /* LaunchScreen.storyboard in Resources */,
				131ACDFE1FE375BA002052B9 /* Assets.xcassets in Resources */,
				131ACDFC1FE375BA002052B9 /* Main.storyboard in Resources */,
			);
			runOnlyForDeploymentPostprocessing = 0;
		};
/* End PBXResourcesBuildPhase section */

/* Begin PBXSourcesBuildPhase section */
		131ACDEF1FE375BA002052B9 /* Sources */ = {
			isa = PBXSourcesBuildPhase;
			buildActionMask = 2147483647;
			files = (
				131ACDF91FE375BA002052B9 /* ViewController.swift in Sources */,
				131ACDF71FE375BA002052B9 /* AppDelegate.swift in Sources */,
			);
			runOnlyForDeploymentPostprocessing = 0;
		};
/* End PBXSourcesBuildPhase section */

/* Begin PBXVariantGroup section */
		131ACDFA1FE375BA002052B9 /* Main.storyboard */ = {
			isa = PBXVariantGroup;
			children = (
				131ACDFB1FE375BA002052B9 /* Base */,
			);
			name = Main.storyboard;
			sourceTree = "<group>";
		};
		131ACDFF1FE375BA002052B9 /* LaunchScreen.storyboard */ = {
			isa = PBXVariantGroup;
			children = (
				131ACE001FE375BA002052B9 /* Base */,
			);
			name = LaunchScreen.storyboard;
			sourceTree = "<group>";
		};
/* End PBXVariantGroup section */

/* Begin XCBuildConfiguration section */
		131ACE031FE375BA002052B9 /* Debug */ = {
			isa = XCBuildConfiguration;
			buildSettings = {
				ALWAYS_SEARCH_USER_PATHS = NO;
				CLANG_ANALYZER_NONNULL = YES;
				CLANG_ANALYZER_NUMBER_OBJECT_CONVERSION = YES_AGGRESSIVE;
				CLANG_CXX_LANGUAGE_STANDARD = "gnu++14";
				CLANG_CXX_LIBRARY = "libc++";
				CLANG_ENABLE_MODULES = YES;
				CLANG_ENABLE_OBJC_ARC = YES;
				CLANG_WARN_BLOCK_CAPTURE_AUTORELEASING = YES;
				CLANG_WARN_BOOL_CONVERSION = YES;
				CLANG_WARN_COMMA = YES;
				CLANG_WARN_CONSTANT_CONVERSION = YES;
				CLANG_WARN_DIRECT_OBJC_ISA_USAGE = YES_ERROR;
				CLANG_WARN_DOCUMENTATION_COMMENTS = YES;
				CLANG_WARN_EMPTY_BODY = YES;
				CLANG_WARN_ENUM_CONVERSION = YES;
				CLANG_WARN_INFINITE_RECURSION = YES;
				CLANG_WARN_INT_CONVERSION = YES;
				CLANG_WARN_NON_LITERAL_NULL_CONVERSION = YES;
				CLANG_WARN_OBJC_LITERAL_CONVERSION = YES;
				CLANG_WARN_OBJC_ROOT_CLASS = YES_ERROR;
				CLANG_WARN_RANGE_LOOP_ANALYSIS = YES;
				CLANG_WARN_STRICT_PROTOTYPES = YES;
				CLANG_WARN_SUSPICIOUS_MOVE = YES;
				CLANG_WARN_UNGUARDED_AVAILABILITY = YES_AGGRESSIVE;
				CLANG_WARN_UNREACHABLE_CODE = YES;
				CLANG_WARN__DUPLICATE_METHOD_MATCH = YES;
				CODE_SIGN_IDENTITY = "iPhone Developer";
				COPY_PHASE_STRIP = NO;
				DEBUG_INFORMATION_FORMAT = dwarf;
				ENABLE_STRICT_OBJC_MSGSEND = YES;
				ENABLE_TESTABILITY = YES;
				GCC_C_LANGUAGE_STANDARD = gnu11;
				GCC_DYNAMIC_NO_PIC = NO;
				GCC_NO_COMMON_BLOCKS = YES;
				GCC_OPTIMIZATION_LEVEL = 0;
				GCC_PREPROCESSOR_DEFINITIONS = (
					"DEBUG=1",
					"$(inherited)",
				);
				GCC_WARN_64_TO_32_BIT_CONVERSION = YES;
				GCC_WARN_ABOUT_RETURN_TYPE = YES_ERROR;
				GCC_WARN_UNDECLARED_SELECTOR = YES;
				GCC_WARN_UNINITIALIZED_AUTOS = YES_AGGRESSIVE;
				GCC_WARN_UNUSED_FUNCTION = YES;
				GCC_WARN_UNUSED_VARIABLE = YES;
				IPHONEOS_DEPLOYMENT_TARGET = 11.0;
				MTL_ENABLE_DEBUG_INFO = YES;
				ONLY_ACTIVE_ARCH = YES;
				SDKROOT = iphoneos;
				SWIFT_ACTIVE_COMPILATION_CONDITIONS = DEBUG;
				SWIFT_OPTIMIZATION_LEVEL = "-Onone";
			};
			name = Debug;
		};
		131ACE041FE375BA002052B9 /* Release */ = {
			isa = XCBuildConfiguration;
			buildSettings = {
				ALWAYS_SEARCH_USER_PATHS = NO;
				CLANG_ANALYZER_NONNULL = YES;
				CLANG_ANALYZER_NUMBER_OBJECT_CONVERSION = YES_AGGRESSIVE;
				CLANG_CXX_LANGUAGE_STANDARD = "gnu++14";
				CLANG_CXX_LIBRARY = "libc++";
				CLANG_ENABLE_MODULES = YES;
				CLANG_ENABLE_OBJC_ARC = YES;
				CLANG_WARN_BLOCK_CAPTURE_AUTORELEASING = YES;
				CLANG_WARN_BOOL_CONVERSION = YES;
				CLANG_WARN_COMMA = YES;
				CLANG_WARN_CONSTANT_CONVERSION = YES;
				CLANG_WARN_DIRECT_OBJC_ISA_USAGE = YES_ERROR;
				CLANG_WARN_DOCUMENTATION_COMMENTS = YES;
				CLANG_WARN_EMPTY_BODY = YES;
				CLANG_WARN_ENUM_CONVERSION = YES;
				CLANG_WARN_INFINITE_RECURSION = YES;
				CLANG_WARN_INT_CONVERSION = YES;
				CLANG_WARN_NON_LITERAL_NULL_CONVERSION = YES;
				CLANG_WARN_OBJC_LITERAL_CONVERSION = YES;
				CLANG_WARN_OBJC_ROOT_CLASS = YES_ERROR;
				CLANG_WARN_RANGE_LOOP_ANALYSIS = YES;
				CLANG_WARN_STRICT_PROTOTYPES = YES;
				CLANG_WARN_SUSPICIOUS_MOVE = YES;
				CLANG_WARN_UNGUARDED_AVAILABILITY = YES_AGGRESSIVE;
				CLANG_WARN_UNREACHABLE_CODE = YES;
				CLANG_WARN__DUPLICATE_METHOD_MATCH = YES;
				CODE_SIGN_IDENTITY = "iPhone Developer";
				COPY_PHASE_STRIP = NO;
				DEBUG_INFORMATION_FORMAT = "dwarf-with-dsym";
				ENABLE_NS_ASSERTIONS = NO;
				ENABLE_STRICT_OBJC_MSGSEND = YES;
				GCC_C_LANGUAGE_STANDARD = gnu11;
				GCC_NO_COMMON_BLOCKS = YES;
				GCC_WARN_64_TO_32_BIT_CONVERSION = YES;
				GCC_WARN_ABOUT_RETURN_TYPE = YES_ERROR;
				GCC_WARN_UNDECLARED_SELECTOR = YES;
				GCC_WARN_UNINITIALIZED_AUTOS = YES_AGGRESSIVE;
				GCC_WARN_UNUSED_FUNCTION = YES;
				GCC_WARN_UNUSED_VARIABLE = YES;
				IPHONEOS_DEPLOYMENT_TARGET = 11.0;
				MTL_ENABLE_DEBUG_INFO = NO;
				SDKROOT = iphoneos;
				SWIFT_OPTIMIZATION_LEVEL = "-Owholemodule";
				VALIDATE_PRODUCT = YES;
			};
			name = Release;
		};
		131ACE061FE375BA002052B9 /* Debug */ = {
			isa = XCBuildConfiguration;
			buildSettings = {
				ASSETCATALOG_COMPILER_APPICON_NAME = AppIcon;
				CODE_SIGN_STYLE = Automatic;
				DEVELOPMENT_TEAM = GZ3DJPE49T;
				INFOPLIST_FILE = "8. Gradient_Music/Info.plist";
				LD_RUNPATH_SEARCH_PATHS = "$(inherited) @executable_path/Frameworks";
				PRODUCT_BUNDLE_IDENTIFIER = "com.abhishek-gaurang-dave.---Gradient-Music";
				PRODUCT_NAME = "$(TARGET_NAME)";
				SWIFT_VERSION = 4.0;
				TARGETED_DEVICE_FAMILY = "1,2";
			};
			name = Debug;
		};
		131ACE071FE375BA002052B9 /* Release */ = {
			isa = XCBuildConfiguration;
			buildSettings = {
				ASSETCATALOG_COMPILER_APPICON_NAME = AppIcon;
				CODE_SIGN_STYLE = Automatic;
				DEVELOPMENT_TEAM = GZ3DJPE49T;
				INFOPLIST_FILE = "8. Gradient_Music/Info.plist";
				LD_RUNPATH_SEARCH_PATHS = "$(inherited) @executable_path/Frameworks";
				PRODUCT_BUNDLE_IDENTIFIER = "com.abhishek-gaurang-dave.---Gradient-Music";
				PRODUCT_NAME = "$(TARGET_NAME)";
				SWIFT_VERSION = 4.0;
				TARGETED_DEVICE_FAMILY = "1,2";
			};
			name = Release;
		};
/* End XCBuildConfiguration section */

/* Begin XCConfigurationList section */
		131ACDEE1FE375B9002052B9 /* Build configuration list for PBXProject "8. Gradient_Music" */ = {
			isa = XCConfigurationList;
			buildConfigurations = (
				131ACE031FE375BA002052B9 /* Debug */,
				131ACE041FE375BA002052B9 /* Release */,
			);
			defaultConfigurationIsVisible = 0;
			defaultConfigurationName = Release;
		};
		131ACE051FE375BA002052B9 /* Build configuration list for PBXNativeTarget "8. Gradient_Music" */ = {
			isa = XCConfigurationList;
			buildConfigurations = (
				131ACE061FE375BA002052B9 /* Debug */,
				131ACE071FE375BA002052B9 /* Release */,
			);
			defaultConfigurationIsVisible = 0;
			defaultConfigurationName = Release;
		};
/* End XCConfigurationList section */
	};
	rootObject = 131ACDEB1FE375B9002052B9 /* Project object */;
}
